
Microsoft Visual Studio Solution File, Format Version 12.00
# Visual Studio Version 16
VisualStudioVersion = 16.0.31105.61
MinimumVisualStudioVersion = 10.0.40219.1
Project("{FAE04EC0-301F-11D3-BF4B-00C04F79EFBC}") = "CoMallocNativeAot", "CoMallocNativeAot\CoMallocNativeAot.csproj", "{DBC3B789-D2D4-4F95-864D-AFF7B38B3AB4}"
EndProject
Project("{2150E333-8FDC-42A3-9474-1A3956D46DE8}") = "Solution Items", "Solution Items", "{8E96E53A-A622-474D-B1F5-04F0057BE7CD}"
	ProjectSection(SolutionItems) = preProject
		nuget.config = nuget.config
	EndProjectSection
EndProject
Global
	GlobalSection(SolutionConfigurationPlatforms) = preSolution
		Debug|Any CPU = Debug|Any CPU
		Release|Any CPU = Release|Any CPU
	EndGlobalSection
	GlobalSection(ProjectConfigurationPlatforms) = postSolution
		{DBC3B789-D2D4-4F95-864D-AFF7B38B3AB4}.Debug|Any CPU.ActiveCfg = Debug|Any CPU
		{DBC3B789-D2D4-4F95-864D-AFF7B38B3AB4}.Debug|Any CPU.Build.0 = Debug|Any CPU
		{DBC3B789-D2D4-4F95-864D-AFF7B38B3AB4}.Release|Any CPU.ActiveCfg = Release|Any CPU
		{DBC3B789-D2D4-4F95-864D-AFF7B38B3AB4}.Release|Any CPU.Build.0 = Release|Any CPU
	EndGlobalSection
	GlobalSection(SolutionProperties) = preSolution
		HideSolutionNode = FALSE
	EndGlobalSection
	GlobalSection(ExtensibilityGlobals) = postSolution
		SolutionGuid = {55DC9641-F1C2-4C4E-A1D9-CD861AF90381}
	EndGlobalSection
EndGlobal
